
Microsoft Visual Studio Solution File, Format Version 12.00
# Visual Studio Version 17
VisualStudioVersion = 17.4.33213.308
MinimumVisualStudioVersion = 10.0.40219.1
Project("{FAE04EC0-301F-11D3-BF4B-00C04F79EFBC}") = "ArtApp", "ArtApp\ArtApp.csproj", "{61FC872D-BA61-4439-91FF-4739D7EDF31F}"
EndProject
Global
	GlobalSection(SolutionConfigurationPlatforms) = preSolution
		Debug|Any CPU = Debug|Any CPU
		Release|Any CPU = Release|Any CPU
	EndGlobalSection
	GlobalSection(ProjectConfigurationPlatforms) = postSolution
		{61FC872D-BA61-4439-91FF-4739D7EDF31F}.Debug|Any CPU.ActiveCfg = Debug|Any CPU
		{61FC872D-BA61-4439-91FF-4739D7EDF31F}.Debug|Any CPU.Build.0 = Debug|Any CPU
		{61FC872D-BA61-4439-91FF-4739D7EDF31F}.Release|Any CPU.ActiveCfg = Release|Any CPU
		{61FC872D-BA61-4439-91FF-4739D7EDF31F}.Release|Any CPU.Build.0 = Release|Any CPU
	EndGlobalSection
	GlobalSection(SolutionProperties) = preSolution
		HideSolutionNode = FALSE
	EndGlobalSection
	GlobalSection(ExtensibilityGlobals) = postSolution
		SolutionGuid = {497ED67D-04D1-40FA-AC08-8A1F143A8937}
	EndGlobalSection
EndGlobal
